
Microsoft Visual Studio Solution File, Format Version 12.00
# Visual Studio 2013
VisualStudioVersion = 12.0.40629.0
MinimumVisualStudioVersion = 10.0.40219.1
Project("{FAE04EC0-301F-11D3-BF4B-00C04F79EFBC}") = "ParksDev", "ParksDev\ParksDev.csproj", "{732255BA-204C-4582-96D8-4BAFA0D97EAF}"
EndProject
Project("{FAE04EC0-301F-11D3-BF4B-00C04F79EFBC}") = "MS.MVC.Park", "MS.MVC.Park\MS.MVC.Park.csproj", "{0503E802-9AF2-4387-99A4-50C759E821F3}"
EndProject
Project("{FAE04EC0-301F-11D3-BF4B-00C04F79EFBC}") = "MS.MVC.ParkTests", "MS.MVC.ParkTests\MS.MVC.ParkTests.csproj", "{0F54531D-462F-4B28-ADD8-A10275A48BF8}"
EndProject
Project("{FAE04EC0-301F-11D3-BF4B-00C04F79EFBC}") = "MS.MVC.MS.Park", "MS.MVC.MS.Park\MS.MVC.MS.Park.csproj", "{7E4FD308-3C71-432E-87D7-464E0F2F160A}"
EndProject
Project("{FAE04EC0-301F-11D3-BF4B-00C04F79EFBC}") = "MS.MVC.MS.Park.Tests", "MS.MVC.MS.Park.Tests\MS.MVC.MS.Park.Tests.csproj", "{AF73606C-469B-4BA4-B0E8-0961FB09CCB0}"
EndProject
Project("{FAE04EC0-301F-11D3-BF4B-00C04F79EFBC}") = "MS.MVC.BB.Park", "MS.MVC.BB.Park\MS.MVC.BB.Park.csproj", "{7F88E760-CFA0-4D95-ACD2-3CB76C9E4AE2}"
EndProject
Project("{FAE04EC0-301F-11D3-BF4B-00C04F79EFBC}") = "JQGridDemo", "..\..\..\..\Downloads\JQGridDemo2014-09-30\JQGridDemo\JQGridDemo\JQGridDemo.csproj", "{01B9921A-D217-4772-B3BC-A9FF65C05F73}"
EndProject
Project("{FAE04EC0-301F-11D3-BF4B-00C04F79EFBC}") = "H3.MVC", "..\..\..\..\Documents\Visual Studio 2013\Projects\H3\H3.MVC\H3.MVC.csproj", "{14BB277F-B781-4B63-A681-3F8AB3004B0A}"
EndProject
Project("{FAE04EC0-301F-11D3-BF4B-00C04F79EFBC}") = "HB3.MVC", "HB3.MVC\HB3.MVC.csproj", "{978DF036-F11B-4CF9-83CB-377DFCFEA73D}"
EndProject
Project("{FAE04EC0-301F-11D3-BF4B-00C04F79EFBC}") = "HB3.MVCTests", "HB3.MVCTests\HB3.MVCTests.csproj", "{46A5D774-81DB-4551-859F-A6167765392E}"
EndProject
Project("{FAE04EC0-301F-11D3-BF4B-00C04F79EFBC}") = "UsersModel", "..\..\..\..\Documents\GitHub\data-access-samples\ContainsExample\UsersModel\UsersModel.csproj", "{8BD8C87B-EDB7-499D-95AD-2E102A5A2A55}"
EndProject
Project("{FAE04EC0-301F-11D3-BF4B-00C04F79EFBC}") = "DualGridDemo", "..\..\..\..\Downloads\DualGridDemo\DualGridDemo\DualGridDemo.csproj", "{F5823A16-DCAD-447B-B353-B9AF4ECFD2AC}"
EndProject
Project("{FAE04EC0-301F-11D3-BF4B-00C04F79EFBC}") = "Guriddo_JqGrid", "Guriddo_JqGrid\Guriddo_JqGrid.csproj", "{28204117-1D90-4386-A4DA-D9CB273B5E15}"
EndProject
Project("{FAE04EC0-301F-11D3-BF4B-00C04F79EFBC}") = "TelerikMvcApp1", "..\..\..\..\Documents\Visual Studio 2013\Projects\TelerikMvcApp1\TelerikMvcApp1\TelerikMvcApp1.csproj", "{9653B5AA-DF0D-4E67-82F4-BD9383CF689B}"
EndProject
Project("{FAE04EC0-301F-11D3-BF4B-00C04F79EFBC}") = "HB3.Kendo.MVC.Web", "HB3.Kendo.MVC.Web\HB3.Kendo.MVC.Web.csproj", "{AB8181D7-ECF8-4DE7-9FCB-F30DBBB6A6D4}"
EndProject
Project("{FAE04EC0-301F-11D3-BF4B-00C04F79EFBC}") = "HB3.Kendo.MVC.WebTests", "HB3.Kendo.MVC.WebTests\HB3.Kendo.MVC.WebTests.csproj", "{E4CC0C30-4EE1-493E-964C-4CDC67DF11F8}"
EndProject
Project("{FAE04EC0-301F-11D3-BF4B-00C04F79EFBC}") = "Chapter11", "..\..\..\..\Downloads\Docs\Sample Codes\KendoUI\Chapter11\Chapter11\Chapter11.csproj", "{C09BA6F6-7550-4C45-9C5C-CE46B44651D9}"
EndProject
Project("{FAE04EC0-301F-11D3-BF4B-00C04F79EFBC}") = "grid-crud", "..\..\..\..\Documents\GitHub\KendoWIP\grid-crud.csproj", "{0A7D6542-CA7F-48D3-87B7-A561B023FCD4}"
EndProject
Project("{FAE04EC0-301F-11D3-BF4B-00C04F79EFBC}") = "sb-admin.web", "sb-admin-bootstrap-template-asp-mvc-authentication\sb-admin.web\sb-admin.web.csproj", "{9A53AD86-F83F-4992-99D1-33DAC7C4CBB5}"
EndProject
Project("{FAE04EC0-301F-11D3-BF4B-00C04F79EFBC}") = "sb-admin.web.Tests", "sb-admin-bootstrap-template-asp-mvc-authentication\sb-admin.web.Tests\sb-admin.web.Tests.csproj", "{55DD1AB2-5CB3-43D0-A749-71327E7A6326}"
EndProject
Project("{E24C65DC-7377-472B-9ABA-BC803B73C61A}") = "startbootstrap-sb-admin-2", "http://localhost:53095", "{C767D6E5-7C23-485D-87C2-E0AC5418DE23}"
	ProjectSection(WebsiteProperties) = preProject
		UseIISExpress = "true"
		TargetFrameworkMoniker = ".NETFramework,Version%3Dv4.0"
		Debug.AspNetCompiler.VirtualPath = "/localhost_53095"
		Debug.AspNetCompiler.PhysicalPath = "startbootstrap-sb-admin-2\"
		Debug.AspNetCompiler.TargetPath = "PrecompiledWeb\localhost_53095\"
		Debug.AspNetCompiler.Updateable = "true"
		Debug.AspNetCompiler.ForceOverwrite = "true"
		Debug.AspNetCompiler.FixedNames = "false"
		Debug.AspNetCompiler.Debug = "True"
		Release.AspNetCompiler.VirtualPath = "/localhost_53095"
		Release.AspNetCompiler.PhysicalPath = "startbootstrap-sb-admin-2\"
		Release.AspNetCompiler.TargetPath = "PrecompiledWeb\localhost_53095\"
		Release.AspNetCompiler.Updateable = "true"
		Release.AspNetCompiler.ForceOverwrite = "true"
		Release.AspNetCompiler.FixedNames = "false"
		Release.AspNetCompiler.Debug = "False"
		SlnRelativePath = "startbootstrap-sb-admin-2\"
	EndProjectSection
EndProject
Project("{FAE04EC0-301F-11D3-BF4B-00C04F79EFBC}") = "Mvc", "..\..\JsamineReport\examples\Mvc\Mvc\Mvc.csproj", "{AFC2FE1B-253B-425A-AC5D-41884B103111}"
EndProject
Project("{FAE04EC0-301F-11D3-BF4B-00C04F79EFBC}") = "JSReports.web", "JSReports.web\JSReports.web.csproj", "{34FFE351-57D3-43BB-BCF4-D618BDEF379D}"
EndProject
Project("{FAE04EC0-301F-11D3-BF4B-00C04F79EFBC}") = "JSRepoort.Win", "JSRepoort.Win\JSRepoort.Win.csproj", "{E21869EE-CF70-477D-982C-2CF6B54DB301}"
EndProject
Project("{FAE04EC0-301F-11D3-BF4B-00C04F79EFBC}") = "ReportLibrary", "ReportLibrary\ReportLibrary.csproj", "{BB57D64A-4B21-4A9E-8EF4-CF794E0DA691}"
EndProject
Project("{E24C65DC-7377-472B-9ABA-BC803B73C61A}") = "ReportList2", "http://localhost:45302", "{3C029130-9F18-4ACB-B9A0-1724029FE922}"
	ProjectSection(WebsiteProperties) = preProject
		UseIISExpress = "true"
		TargetFrameworkMoniker = ".NETFramework,Version%3Dv4.0"
		Debug.AspNetCompiler.VirtualPath = "/localhost_45302"
		Debug.AspNetCompiler.PhysicalPath = "ReportList2\"
		Debug.AspNetCompiler.TargetPath = "PrecompiledWeb\localhost_45302\"
		Debug.AspNetCompiler.Updateable = "true"
		Debug.AspNetCompiler.ForceOverwrite = "true"
		Debug.AspNetCompiler.FixedNames = "false"
		Debug.AspNetCompiler.Debug = "True"
		Release.AspNetCompiler.VirtualPath = "/localhost_45302"
		Release.AspNetCompiler.PhysicalPath = "ReportList2\"
		Release.AspNetCompiler.TargetPath = "PrecompiledWeb\localhost_45302\"
		Release.AspNetCompiler.Updateable = "true"
		Release.AspNetCompiler.ForceOverwrite = "true"
		Release.AspNetCompiler.FixedNames = "false"
		Release.AspNetCompiler.Debug = "False"
		SlnRelativePath = "ReportList2\"
	EndProjectSection
EndProject
Global
	GlobalSection(SolutionConfigurationPlatforms) = preSolution
		Debug|Any CPU = Debug|Any CPU
		Debug|Mixed Platforms = Debug|Mixed Platforms
		Debug|x86 = Debug|x86
		Release|Any CPU = Release|Any CPU
		Release|Mixed Platforms = Release|Mixed Platforms
		Release|x86 = Release|x86
	EndGlobalSection
	GlobalSection(ProjectConfigurationPlatforms) = postSolution
		{732255BA-204C-4582-96D8-4BAFA0D97EAF}.Debug|Any CPU.ActiveCfg = Debug|Any CPU
		{732255BA-204C-4582-96D8-4BAFA0D97EAF}.Debug|Any CPU.Build.0 = Debug|Any CPU
		{732255BA-204C-4582-96D8-4BAFA0D97EAF}.Debug|Mixed Platforms.ActiveCfg = Debug|Any CPU
		{732255BA-204C-4582-96D8-4BAFA0D97EAF}.Debug|x86.ActiveCfg = Debug|Any CPU
		{732255BA-204C-4582-96D8-4BAFA0D97EAF}.Release|Any CPU.ActiveCfg = Release|Any CPU
		{732255BA-204C-4582-96D8-4BAFA0D97EAF}.Release|Any CPU.Build.0 = Release|Any CPU
		{732255BA-204C-4582-96D8-4BAFA0D97EAF}.Release|Mixed Platforms.ActiveCfg = Release|Any CPU
		{732255BA-204C-4582-96D8-4BAFA0D97EAF}.Release|x86.ActiveCfg = Release|Any CPU
		{0503E802-9AF2-4387-99A4-50C759E821F3}.Debug|Any CPU.ActiveCfg = Debug|Any CPU
		{0503E802-9AF2-4387-99A4-50C759E821F3}.Debug|Any CPU.Build.0 = Debug|Any CPU
		{0503E802-9AF2-4387-99A4-50C759E821F3}.Debug|Mixed Platforms.ActiveCfg = Debug|Any CPU
		{0503E802-9AF2-4387-99A4-50C759E821F3}.Debug|x86.ActiveCfg = Debug|Any CPU
		{0503E802-9AF2-4387-99A4-50C759E821F3}.Release|Any CPU.ActiveCfg = Release|Any CPU
		{0503E802-9AF2-4387-99A4-50C759E821F3}.Release|Any CPU.Build.0 = Release|Any CPU
		{0503E802-9AF2-4387-99A4-50C759E821F3}.Release|Mixed Platforms.ActiveCfg = Release|Any CPU
		{0503E802-9AF2-4387-99A4-50C759E821F3}.Release|x86.ActiveCfg = Release|Any CPU
		{0F54531D-462F-4B28-ADD8-A10275A48BF8}.Debug|Any CPU.ActiveCfg = Debug|Any CPU
		{0F54531D-462F-4B28-ADD8-A10275A48BF8}.Debug|Any CPU.Build.0 = Debug|Any CPU
		{0F54531D-462F-4B28-ADD8-A10275A48BF8}.Debug|Mixed Platforms.ActiveCfg = Debug|Any CPU
		{0F54531D-462F-4B28-ADD8-A10275A48BF8}.Debug|x86.ActiveCfg = Debug|Any CPU
		{0F54531D-462F-4B28-ADD8-A10275A48BF8}.Release|Any CPU.ActiveCfg = Release|Any CPU
		{0F54531D-462F-4B28-ADD8-A10275A48BF8}.Release|Any CPU.Build.0 = Release|Any CPU
		{0F54531D-462F-4B28-ADD8-A10275A48BF8}.Release|Mixed Platforms.ActiveCfg = Release|Any CPU
		{0F54531D-462F-4B28-ADD8-A10275A48BF8}.Release|x86.ActiveCfg = Release|Any CPU
		{7E4FD308-3C71-432E-87D7-464E0F2F160A}.Debug|Any CPU.ActiveCfg = Debug|Any CPU
		{7E4FD308-3C71-432E-87D7-464E0F2F160A}.Debug|Any CPU.Build.0 = Debug|Any CPU
		{7E4FD308-3C71-432E-87D7-464E0F2F160A}.Debug|Mixed Platforms.ActiveCfg = Debug|Any CPU
		{7E4FD308-3C71-432E-87D7-464E0F2F160A}.Debug|x86.ActiveCfg = Debug|Any CPU
		{7E4FD308-3C71-432E-87D7-464E0F2F160A}.Release|Any CPU.ActiveCfg = Release|Any CPU
		{7E4FD308-3C71-432E-87D7-464E0F2F160A}.Release|Any CPU.Build.0 = Release|Any CPU
		{7E4FD308-3C71-432E-87D7-464E0F2F160A}.Release|Mixed Platforms.ActiveCfg = Release|Any CPU
		{7E4FD308-3C71-432E-87D7-464E0F2F160A}.Release|x86.ActiveCfg = Release|Any CPU
		{AF73606C-469B-4BA4-B0E8-0961FB09CCB0}.Debug|Any CPU.ActiveCfg = Debug|Any CPU
		{AF73606C-469B-4BA4-B0E8-0961FB09CCB0}.Debug|Any CPU.Build.0 = Debug|Any CPU
		{AF73606C-469B-4BA4-B0E8-0961FB09CCB0}.Debug|Mixed Platforms.ActiveCfg = Debug|Any CPU
		{AF73606C-469B-4BA4-B0E8-0961FB09CCB0}.Debug|x86.ActiveCfg = Debug|Any CPU
		{AF73606C-469B-4BA4-B0E8-0961FB09CCB0}.Release|Any CPU.ActiveCfg = Release|Any CPU
		{AF73606C-469B-4BA4-B0E8-0961FB09CCB0}.Release|Any CPU.Build.0 = Release|Any CPU
		{AF73606C-469B-4BA4-B0E8-0961FB09CCB0}.Release|Mixed Platforms.ActiveCfg = Release|Any CPU
		{AF73606C-469B-4BA4-B0E8-0961FB09CCB0}.Release|x86.ActiveCfg = Release|Any CPU
		{7F88E760-CFA0-4D95-ACD2-3CB76C9E4AE2}.Debug|Any CPU.ActiveCfg = Debug|Any CPU
		{7F88E760-CFA0-4D95-ACD2-3CB76C9E4AE2}.Debug|Any CPU.Build.0 = Debug|Any CPU
		{7F88E760-CFA0-4D95-ACD2-3CB76C9E4AE2}.Debug|Mixed Platforms.ActiveCfg = Debug|Any CPU
		{7F88E760-CFA0-4D95-ACD2-3CB76C9E4AE2}.Debug|x86.ActiveCfg = Debug|Any CPU
		{7F88E760-CFA0-4D95-ACD2-3CB76C9E4AE2}.Release|Any CPU.ActiveCfg = Release|Any CPU
		{7F88E760-CFA0-4D95-ACD2-3CB76C9E4AE2}.Release|Any CPU.Build.0 = Release|Any CPU
		{7F88E760-CFA0-4D95-ACD2-3CB76C9E4AE2}.Release|Mixed Platforms.ActiveCfg = Release|Any CPU
		{7F88E760-CFA0-4D95-ACD2-3CB76C9E4AE2}.Release|x86.ActiveCfg = Release|Any CPU
		{01B9921A-D217-4772-B3BC-A9FF65C05F73}.Debug|Any CPU.ActiveCfg = Debug|Any CPU
		{01B9921A-D217-4772-B3BC-A9FF65C05F73}.Debug|Any CPU.Build.0 = Debug|Any CPU
		{01B9921A-D217-4772-B3BC-A9FF65C05F73}.Debug|Mixed Platforms.ActiveCfg = Debug|Any CPU
		{01B9921A-D217-4772-B3BC-A9FF65C05F73}.Debug|x86.ActiveCfg = Debug|Any CPU
		{01B9921A-D217-4772-B3BC-A9FF65C05F73}.Release|Any CPU.ActiveCfg = Release|Any CPU
		{01B9921A-D217-4772-B3BC-A9FF65C05F73}.Release|Any CPU.Build.0 = Release|Any CPU
		{01B9921A-D217-4772-B3BC-A9FF65C05F73}.Release|Mixed Platforms.ActiveCfg = Release|Any CPU
		{01B9921A-D217-4772-B3BC-A9FF65C05F73}.Release|x86.ActiveCfg = Release|Any CPU
		{14BB277F-B781-4B63-A681-3F8AB3004B0A}.Debug|Any CPU.ActiveCfg = Debug|Any CPU
		{14BB277F-B781-4B63-A681-3F8AB3004B0A}.Debug|Any CPU.Build.0 = Debug|Any CPU
		{14BB277F-B781-4B63-A681-3F8AB3004B0A}.Debug|Mixed Platforms.ActiveCfg = Debug|Any CPU
		{14BB277F-B781-4B63-A681-3F8AB3004B0A}.Debug|x86.ActiveCfg = Debug|Any CPU
		{14BB277F-B781-4B63-A681-3F8AB3004B0A}.Release|Any CPU.ActiveCfg = Release|Any CPU
		{14BB277F-B781-4B63-A681-3F8AB3004B0A}.Release|Any CPU.Build.0 = Release|Any CPU
		{14BB277F-B781-4B63-A681-3F8AB3004B0A}.Release|Mixed Platforms.ActiveCfg = Release|Any CPU
		{14BB277F-B781-4B63-A681-3F8AB3004B0A}.Release|x86.ActiveCfg = Release|Any CPU
		{978DF036-F11B-4CF9-83CB-377DFCFEA73D}.Debug|Any CPU.ActiveCfg = Debug|Any CPU
		{978DF036-F11B-4CF9-83CB-377DFCFEA73D}.Debug|Any CPU.Build.0 = Debug|Any CPU
		{978DF036-F11B-4CF9-83CB-377DFCFEA73D}.Debug|Mixed Platforms.ActiveCfg = Debug|Any CPU
		{978DF036-F11B-4CF9-83CB-377DFCFEA73D}.Debug|x86.ActiveCfg = Debug|Any CPU
		{978DF036-F11B-4CF9-83CB-377DFCFEA73D}.Release|Any CPU.ActiveCfg = Release|Any CPU
		{978DF036-F11B-4CF9-83CB-377DFCFEA73D}.Release|Any CPU.Build.0 = Release|Any CPU
		{978DF036-F11B-4CF9-83CB-377DFCFEA73D}.Release|Mixed Platforms.ActiveCfg = Release|Any CPU
		{978DF036-F11B-4CF9-83CB-377DFCFEA73D}.Release|x86.ActiveCfg = Release|Any CPU
		{46A5D774-81DB-4551-859F-A6167765392E}.Debug|Any CPU.ActiveCfg = Debug|Any CPU
		{46A5D774-81DB-4551-859F-A6167765392E}.Debug|Any CPU.Build.0 = Debug|Any CPU
		{46A5D774-81DB-4551-859F-A6167765392E}.Debug|Mixed Platforms.ActiveCfg = Debug|Any CPU
		{46A5D774-81DB-4551-859F-A6167765392E}.Debug|x86.ActiveCfg = Debug|Any CPU
		{46A5D774-81DB-4551-859F-A6167765392E}.Release|Any CPU.ActiveCfg = Release|Any CPU
		{46A5D774-81DB-4551-859F-A6167765392E}.Release|Any CPU.Build.0 = Release|Any CPU
		{46A5D774-81DB-4551-859F-A6167765392E}.Release|Mixed Platforms.ActiveCfg = Release|Any CPU
		{46A5D774-81DB-4551-859F-A6167765392E}.Release|x86.ActiveCfg = Release|Any CPU
		{8BD8C87B-EDB7-499D-95AD-2E102A5A2A55}.Debug|Any CPU.ActiveCfg = Debug|Any CPU
		{8BD8C87B-EDB7-499D-95AD-2E102A5A2A55}.Debug|Any CPU.Build.0 = Debug|Any CPU
		{8BD8C87B-EDB7-499D-95AD-2E102A5A2A55}.Debug|Mixed Platforms.ActiveCfg = Debug|Any CPU
		{8BD8C87B-EDB7-499D-95AD-2E102A5A2A55}.Debug|x86.ActiveCfg = Debug|Any CPU
		{8BD8C87B-EDB7-499D-95AD-2E102A5A2A55}.Release|Any CPU.ActiveCfg = Release|Any CPU
		{8BD8C87B-EDB7-499D-95AD-2E102A5A2A55}.Release|Any CPU.Build.0 = Release|Any CPU
		{8BD8C87B-EDB7-499D-95AD-2E102A5A2A55}.Release|Mixed Platforms.ActiveCfg = Release|Any CPU
		{8BD8C87B-EDB7-499D-95AD-2E102A5A2A55}.Release|x86.ActiveCfg = Release|Any CPU
		{F5823A16-DCAD-447B-B353-B9AF4ECFD2AC}.Debug|Any CPU.ActiveCfg = Debug|Any CPU
		{F5823A16-DCAD-447B-B353-B9AF4ECFD2AC}.Debug|Any CPU.Build.0 = Debug|Any CPU
		{F5823A16-DCAD-447B-B353-B9AF4ECFD2AC}.Debug|Mixed Platforms.ActiveCfg = Debug|Any CPU
		{F5823A16-DCAD-447B-B353-B9AF4ECFD2AC}.Debug|x86.ActiveCfg = Debug|Any CPU
		{F5823A16-DCAD-447B-B353-B9AF4ECFD2AC}.Release|Any CPU.ActiveCfg = Release|Any CPU
		{F5823A16-DCAD-447B-B353-B9AF4ECFD2AC}.Release|Any CPU.Build.0 = Release|Any CPU
		{F5823A16-DCAD-447B-B353-B9AF4ECFD2AC}.Release|Mixed Platforms.ActiveCfg = Release|Any CPU
		{F5823A16-DCAD-447B-B353-B9AF4ECFD2AC}.Release|x86.ActiveCfg = Release|Any CPU
		{28204117-1D90-4386-A4DA-D9CB273B5E15}.Debug|Any CPU.ActiveCfg = Debug|Any CPU
		{28204117-1D90-4386-A4DA-D9CB273B5E15}.Debug|Any CPU.Build.0 = Debug|Any CPU
		{28204117-1D90-4386-A4DA-D9CB273B5E15}.Debug|Mixed Platforms.ActiveCfg = Debug|Any CPU
		{28204117-1D90-4386-A4DA-D9CB273B5E15}.Debug|Mixed Platforms.Build.0 = Debug|Any CPU
		{28204117-1D90-4386-A4DA-D9CB273B5E15}.Debug|x86.ActiveCfg = Debug|Any CPU
		{28204117-1D90-4386-A4DA-D9CB273B5E15}.Release|Any CPU.ActiveCfg = Release|Any CPU
		{28204117-1D90-4386-A4DA-D9CB273B5E15}.Release|Any CPU.Build.0 = Release|Any CPU
		{28204117-1D90-4386-A4DA-D9CB273B5E15}.Release|Mixed Platforms.ActiveCfg = Release|Any CPU
		{28204117-1D90-4386-A4DA-D9CB273B5E15}.Release|Mixed Platforms.Build.0 = Release|Any CPU
		{28204117-1D90-4386-A4DA-D9CB273B5E15}.Release|x86.ActiveCfg = Release|Any CPU
		{9653B5AA-DF0D-4E67-82F4-BD9383CF689B}.Debug|Any CPU.ActiveCfg = Debug|Any CPU
		{9653B5AA-DF0D-4E67-82F4-BD9383CF689B}.Debug|Any CPU.Build.0 = Debug|Any CPU
		{9653B5AA-DF0D-4E67-82F4-BD9383CF689B}.Debug|Mixed Platforms.ActiveCfg = Debug|Any CPU
		{9653B5AA-DF0D-4E67-82F4-BD9383CF689B}.Debug|Mixed Platforms.Build.0 = Debug|Any CPU
		{9653B5AA-DF0D-4E67-82F4-BD9383CF689B}.Debug|x86.ActiveCfg = Debug|Any CPU
		{9653B5AA-DF0D-4E67-82F4-BD9383CF689B}.Release|Any CPU.ActiveCfg = Release|Any CPU
		{9653B5AA-DF0D-4E67-82F4-BD9383CF689B}.Release|Any CPU.Build.0 = Release|Any CPU
		{9653B5AA-DF0D-4E67-82F4-BD9383CF689B}.Release|Mixed Platforms.ActiveCfg = Release|Any CPU
		{9653B5AA-DF0D-4E67-82F4-BD9383CF689B}.Release|Mixed Platforms.Build.0 = Release|Any CPU
		{9653B5AA-DF0D-4E67-82F4-BD9383CF689B}.Release|x86.ActiveCfg = Release|Any CPU
		{AB8181D7-ECF8-4DE7-9FCB-F30DBBB6A6D4}.Debug|Any CPU.ActiveCfg = Debug|Any CPU
		{AB8181D7-ECF8-4DE7-9FCB-F30DBBB6A6D4}.Debug|Any CPU.Build.0 = Debug|Any CPU
		{AB8181D7-ECF8-4DE7-9FCB-F30DBBB6A6D4}.Debug|Mixed Platforms.ActiveCfg = Debug|Any CPU
		{AB8181D7-ECF8-4DE7-9FCB-F30DBBB6A6D4}.Debug|Mixed Platforms.Build.0 = Debug|Any CPU
		{AB8181D7-ECF8-4DE7-9FCB-F30DBBB6A6D4}.Debug|x86.ActiveCfg = Debug|Any CPU
		{AB8181D7-ECF8-4DE7-9FCB-F30DBBB6A6D4}.Release|Any CPU.ActiveCfg = Release|Any CPU
		{AB8181D7-ECF8-4DE7-9FCB-F30DBBB6A6D4}.Release|Any CPU.Build.0 = Release|Any CPU
		{AB8181D7-ECF8-4DE7-9FCB-F30DBBB6A6D4}.Release|Mixed Platforms.ActiveCfg = Release|Any CPU
		{AB8181D7-ECF8-4DE7-9FCB-F30DBBB6A6D4}.Release|Mixed Platforms.Build.0 = Release|Any CPU
		{AB8181D7-ECF8-4DE7-9FCB-F30DBBB6A6D4}.Release|x86.ActiveCfg = Release|Any CPU
		{E4CC0C30-4EE1-493E-964C-4CDC67DF11F8}.Debug|Any CPU.ActiveCfg = Debug|Any CPU
		{E4CC0C30-4EE1-493E-964C-4CDC67DF11F8}.Debug|Any CPU.Build.0 = Debug|Any CPU
		{E4CC0C30-4EE1-493E-964C-4CDC67DF11F8}.Debug|Mixed Platforms.ActiveCfg = Debug|Any CPU
		{E4CC0C30-4EE1-493E-964C-4CDC67DF11F8}.Debug|Mixed Platforms.Build.0 = Debug|Any CPU
		{E4CC0C30-4EE1-493E-964C-4CDC67DF11F8}.Debug|x86.ActiveCfg = Debug|Any CPU
		{E4CC0C30-4EE1-493E-964C-4CDC67DF11F8}.Release|Any CPU.ActiveCfg = Release|Any CPU
		{E4CC0C30-4EE1-493E-964C-4CDC67DF11F8}.Release|Any CPU.Build.0 = Release|Any CPU
		{E4CC0C30-4EE1-493E-964C-4CDC67DF11F8}.Release|Mixed Platforms.ActiveCfg = Release|Any CPU
		{E4CC0C30-4EE1-493E-964C-4CDC67DF11F8}.Release|Mixed Platforms.Build.0 = Release|Any CPU
		{E4CC0C30-4EE1-493E-964C-4CDC67DF11F8}.Release|x86.ActiveCfg = Release|Any CPU
		{C09BA6F6-7550-4C45-9C5C-CE46B44651D9}.Debug|Any CPU.ActiveCfg = Debug|Any CPU
		{C09BA6F6-7550-4C45-9C5C-CE46B44651D9}.Debug|Any CPU.Build.0 = Debug|Any CPU
		{C09BA6F6-7550-4C45-9C5C-CE46B44651D9}.Debug|Mixed Platforms.ActiveCfg = Debug|Any CPU
		{C09BA6F6-7550-4C45-9C5C-CE46B44651D9}.Debug|Mixed Platforms.Build.0 = Debug|Any CPU
		{C09BA6F6-7550-4C45-9C5C-CE46B44651D9}.Debug|x86.ActiveCfg = Debug|Any CPU
		{C09BA6F6-7550-4C45-9C5C-CE46B44651D9}.Release|Any CPU.ActiveCfg = Release|Any CPU
		{C09BA6F6-7550-4C45-9C5C-CE46B44651D9}.Release|Any CPU.Build.0 = Release|Any CPU
		{C09BA6F6-7550-4C45-9C5C-CE46B44651D9}.Release|Mixed Platforms.ActiveCfg = Release|Any CPU
		{C09BA6F6-7550-4C45-9C5C-CE46B44651D9}.Release|Mixed Platforms.Build.0 = Release|Any CPU
		{C09BA6F6-7550-4C45-9C5C-CE46B44651D9}.Release|x86.ActiveCfg = Release|Any CPU
		{0A7D6542-CA7F-48D3-87B7-A561B023FCD4}.Debug|Any CPU.ActiveCfg = Debug|Any CPU
		{0A7D6542-CA7F-48D3-87B7-A561B023FCD4}.Debug|Any CPU.Build.0 = Debug|Any CPU
		{0A7D6542-CA7F-48D3-87B7-A561B023FCD4}.Debug|Mixed Platforms.ActiveCfg = Debug|Any CPU
		{0A7D6542-CA7F-48D3-87B7-A561B023FCD4}.Debug|Mixed Platforms.Build.0 = Debug|Any CPU
		{0A7D6542-CA7F-48D3-87B7-A561B023FCD4}.Debug|x86.ActiveCfg = Debug|Any CPU
		{0A7D6542-CA7F-48D3-87B7-A561B023FCD4}.Release|Any CPU.ActiveCfg = Release|Any CPU
		{0A7D6542-CA7F-48D3-87B7-A561B023FCD4}.Release|Any CPU.Build.0 = Release|Any CPU
		{0A7D6542-CA7F-48D3-87B7-A561B023FCD4}.Release|Mixed Platforms.ActiveCfg = Release|Any CPU
		{0A7D6542-CA7F-48D3-87B7-A561B023FCD4}.Release|Mixed Platforms.Build.0 = Release|Any CPU
		{0A7D6542-CA7F-48D3-87B7-A561B023FCD4}.Release|x86.ActiveCfg = Release|Any CPU
		{9A53AD86-F83F-4992-99D1-33DAC7C4CBB5}.Debug|Any CPU.ActiveCfg = Debug|Any CPU
		{9A53AD86-F83F-4992-99D1-33DAC7C4CBB5}.Debug|Any CPU.Build.0 = Debug|Any CPU
		{9A53AD86-F83F-4992-99D1-33DAC7C4CBB5}.Debug|Mixed Platforms.ActiveCfg = Debug|Any CPU
		{9A53AD86-F83F-4992-99D1-33DAC7C4CBB5}.Debug|Mixed Platforms.Build.0 = Debug|Any CPU
		{9A53AD86-F83F-4992-99D1-33DAC7C4CBB5}.Debug|x86.ActiveCfg = Debug|Any CPU
		{9A53AD86-F83F-4992-99D1-33DAC7C4CBB5}.Release|Any CPU.ActiveCfg = Release|Any CPU
		{9A53AD86-F83F-4992-99D1-33DAC7C4CBB5}.Release|Any CPU.Build.0 = Release|Any CPU
		{9A53AD86-F83F-4992-99D1-33DAC7C4CBB5}.Release|Mixed Platforms.ActiveCfg = Release|Any CPU
		{9A53AD86-F83F-4992-99D1-33DAC7C4CBB5}.Release|Mixed Platforms.Build.0 = Release|Any CPU
		{9A53AD86-F83F-4992-99D1-33DAC7C4CBB5}.Release|x86.ActiveCfg = Release|Any CPU
		{55DD1AB2-5CB3-43D0-A749-71327E7A6326}.Debug|Any CPU.ActiveCfg = Debug|Any CPU
		{55DD1AB2-5CB3-43D0-A749-71327E7A6326}.Debug|Any CPU.Build.0 = Debug|Any CPU
		{55DD1AB2-5CB3-43D0-A749-71327E7A6326}.Debug|Mixed Platforms.ActiveCfg = Debug|Any CPU
		{55DD1AB2-5CB3-43D0-A749-71327E7A6326}.Debug|Mixed Platforms.Build.0 = Debug|Any CPU
		{55DD1AB2-5CB3-43D0-A749-71327E7A6326}.Debug|x86.ActiveCfg = Debug|Any CPU
		{55DD1AB2-5CB3-43D0-A749-71327E7A6326}.Release|Any CPU.ActiveCfg = Release|Any CPU
		{55DD1AB2-5CB3-43D0-A749-71327E7A6326}.Release|Any CPU.Build.0 = Release|Any CPU
		{55DD1AB2-5CB3-43D0-A749-71327E7A6326}.Release|Mixed Platforms.ActiveCfg = Release|Any CPU
		{55DD1AB2-5CB3-43D0-A749-71327E7A6326}.Release|Mixed Platforms.Build.0 = Release|Any CPU
		{55DD1AB2-5CB3-43D0-A749-71327E7A6326}.Release|x86.ActiveCfg = Release|Any CPU
		{C767D6E5-7C23-485D-87C2-E0AC5418DE23}.Debug|Any CPU.ActiveCfg = Debug|Any CPU
		{C767D6E5-7C23-485D-87C2-E0AC5418DE23}.Debug|Any CPU.Build.0 = Debug|Any CPU
		{C767D6E5-7C23-485D-87C2-E0AC5418DE23}.Debug|Mixed Platforms.ActiveCfg = Debug|Any CPU
		{C767D6E5-7C23-485D-87C2-E0AC5418DE23}.Debug|Mixed Platforms.Build.0 = Debug|Any CPU
		{C767D6E5-7C23-485D-87C2-E0AC5418DE23}.Debug|x86.ActiveCfg = Debug|Any CPU
		{C767D6E5-7C23-485D-87C2-E0AC5418DE23}.Release|Any CPU.ActiveCfg = Debug|Any CPU
		{C767D6E5-7C23-485D-87C2-E0AC5418DE23}.Release|Any CPU.Build.0 = Debug|Any CPU
		{C767D6E5-7C23-485D-87C2-E0AC5418DE23}.Release|Mixed Platforms.ActiveCfg = Debug|Any CPU
		{C767D6E5-7C23-485D-87C2-E0AC5418DE23}.Release|Mixed Platforms.Build.0 = Debug|Any CPU
		{C767D6E5-7C23-485D-87C2-E0AC5418DE23}.Release|x86.ActiveCfg = Debug|Any CPU
		{AFC2FE1B-253B-425A-AC5D-41884B103111}.Debug|Any CPU.ActiveCfg = Debug|Any CPU
		{AFC2FE1B-253B-425A-AC5D-41884B103111}.Debug|Any CPU.Build.0 = Debug|Any CPU
		{AFC2FE1B-253B-425A-AC5D-41884B103111}.Debug|Mixed Platforms.ActiveCfg = Debug|Any CPU
		{AFC2FE1B-253B-425A-AC5D-41884B103111}.Debug|Mixed Platforms.Build.0 = Debug|Any CPU
		{AFC2FE1B-253B-425A-AC5D-41884B103111}.Debug|x86.ActiveCfg = Debug|Any CPU
		{AFC2FE1B-253B-425A-AC5D-41884B103111}.Release|Any CPU.ActiveCfg = Release|Any CPU
		{AFC2FE1B-253B-425A-AC5D-41884B103111}.Release|Any CPU.Build.0 = Release|Any CPU
		{AFC2FE1B-253B-425A-AC5D-41884B103111}.Release|Mixed Platforms.ActiveCfg = Release|Any CPU
		{AFC2FE1B-253B-425A-AC5D-41884B103111}.Release|Mixed Platforms.Build.0 = Release|Any CPU
		{AFC2FE1B-253B-425A-AC5D-41884B103111}.Release|x86.ActiveCfg = Release|Any CPU
		{34FFE351-57D3-43BB-BCF4-D618BDEF379D}.Debug|Any CPU.ActiveCfg = Debug|Any CPU
		{34FFE351-57D3-43BB-BCF4-D618BDEF379D}.Debug|Any CPU.Build.0 = Debug|Any CPU
		{34FFE351-57D3-43BB-BCF4-D618BDEF379D}.Debug|Mixed Platforms.ActiveCfg = Debug|Any CPU
		{34FFE351-57D3-43BB-BCF4-D618BDEF379D}.Debug|Mixed Platforms.Build.0 = Debug|Any CPU
		{34FFE351-57D3-43BB-BCF4-D618BDEF379D}.Debug|x86.ActiveCfg = Debug|Any CPU
		{34FFE351-57D3-43BB-BCF4-D618BDEF379D}.Release|Any CPU.ActiveCfg = Release|Any CPU
		{34FFE351-57D3-43BB-BCF4-D618BDEF379D}.Release|Any CPU.Build.0 = Release|Any CPU
		{34FFE351-57D3-43BB-BCF4-D618BDEF379D}.Release|Mixed Platforms.ActiveCfg = Release|Any CPU
		{34FFE351-57D3-43BB-BCF4-D618BDEF379D}.Release|Mixed Platforms.Build.0 = Release|Any CPU
		{34FFE351-57D3-43BB-BCF4-D618BDEF379D}.Release|x86.ActiveCfg = Release|Any CPU
		{E21869EE-CF70-477D-982C-2CF6B54DB301}.Debug|Any CPU.ActiveCfg = Debug|Any CPU
		{E21869EE-CF70-477D-982C-2CF6B54DB301}.Debug|Any CPU.Build.0 = Debug|Any CPU
		{E21869EE-CF70-477D-982C-2CF6B54DB301}.Debug|Mixed Platforms.ActiveCfg = Debug|Any CPU
		{E21869EE-CF70-477D-982C-2CF6B54DB301}.Debug|Mixed Platforms.Build.0 = Debug|Any CPU
		{E21869EE-CF70-477D-982C-2CF6B54DB301}.Debug|x86.ActiveCfg = Debug|Any CPU
		{E21869EE-CF70-477D-982C-2CF6B54DB301}.Release|Any CPU.ActiveCfg = Release|Any CPU
		{E21869EE-CF70-477D-982C-2CF6B54DB301}.Release|Any CPU.Build.0 = Release|Any CPU
		{E21869EE-CF70-477D-982C-2CF6B54DB301}.Release|Mixed Platforms.ActiveCfg = Release|Any CPU
		{E21869EE-CF70-477D-982C-2CF6B54DB301}.Release|Mixed Platforms.Build.0 = Release|Any CPU
		{E21869EE-CF70-477D-982C-2CF6B54DB301}.Release|x86.ActiveCfg = Release|Any CPU
		{BB57D64A-4B21-4A9E-8EF4-CF794E0DA691}.Debug|Any CPU.ActiveCfg = Debug|Any CPU
		{BB57D64A-4B21-4A9E-8EF4-CF794E0DA691}.Debug|Any CPU.Build.0 = Debug|Any CPU
		{BB57D64A-4B21-4A9E-8EF4-CF794E0DA691}.Debug|Mixed Platforms.ActiveCfg = Debug|Any CPU
		{BB57D64A-4B21-4A9E-8EF4-CF794E0DA691}.Debug|Mixed Platforms.Build.0 = Debug|Any CPU
		{BB57D64A-4B21-4A9E-8EF4-CF794E0DA691}.Debug|x86.ActiveCfg = Debug|Any CPU
		{BB57D64A-4B21-4A9E-8EF4-CF794E0DA691}.Release|Any CPU.ActiveCfg = Release|Any CPU
		{BB57D64A-4B21-4A9E-8EF4-CF794E0DA691}.Release|Any CPU.Build.0 = Release|Any CPU
		{BB57D64A-4B21-4A9E-8EF4-CF794E0DA691}.Release|Mixed Platforms.ActiveCfg = Release|Any CPU
		{BB57D64A-4B21-4A9E-8EF4-CF794E0DA691}.Release|Mixed Platforms.Build.0 = Release|Any CPU
		{BB57D64A-4B21-4A9E-8EF4-CF794E0DA691}.Release|x86.ActiveCfg = Release|Any CPU
		{3C029130-9F18-4ACB-B9A0-1724029FE922}.Debug|Any CPU.ActiveCfg = Debug|Any CPU
		{3C029130-9F18-4ACB-B9A0-1724029FE922}.Debug|Any CPU.Build.0 = Debug|Any CPU
		{3C029130-9F18-4ACB-B9A0-1724029FE922}.Debug|Mixed Platforms.ActiveCfg = Debug|Any CPU
		{3C029130-9F18-4ACB-B9A0-1724029FE922}.Debug|Mixed Platforms.Build.0 = Debug|Any CPU
		{3C029130-9F18-4ACB-B9A0-1724029FE922}.Debug|x86.ActiveCfg = Debug|Any CPU
		{3C029130-9F18-4ACB-B9A0-1724029FE922}.Release|Any CPU.ActiveCfg = Debug|Any CPU
		{3C029130-9F18-4ACB-B9A0-1724029FE922}.Release|Any CPU.Build.0 = Debug|Any CPU
		{3C029130-9F18-4ACB-B9A0-1724029FE922}.Release|Mixed Platforms.ActiveCfg = Debug|Any CPU
		{3C029130-9F18-4ACB-B9A0-1724029FE922}.Release|Mixed Platforms.Build.0 = Debug|Any CPU
		{3C029130-9F18-4ACB-B9A0-1724029FE922}.Release|x86.ActiveCfg = Debug|Any CPU
	EndGlobalSection
	GlobalSection(SolutionProperties) = preSolution
		HideSolutionNode = FALSE
	EndGlobalSection
EndGlobal
